#MicroXplorer Configuration settings - do not modify
Mcu.Family=STM32F1
NVIC.SysTick_IRQn=true\:0\:0\:false\:false\:true\:false\:true
ProjectManager.LastFirmware=true
RCC.VDD_VALUE=3.3
RCC.PLLMUL=RCC_PLL_MUL16
ProjectManager.MainLocation=Core/Src
RCC.MCOFreq_Value=64000000
RCC.VCOOutput2Freq_Value=4000000
ProjectManager.FirmwarePackage=STM32Cube FW_F1 V1.8.3
MxDb.Version=DB.6.0.10
ProjectManager.ProjectFileName=Boot_cube.ioc
RCC.APB2Freq_Value=64000000
ProjectManager.BackupPrevious=false
MxCube.Version=6.1.1
ProjectManager.KeepUserCode=true
PA14.Mode=Trace_Asynchronous_SW
Mcu.UserName=STM32F103C8Tx
Mcu.PinsNb=5
ProjectManager.NoMain=false
File.Version=6
VP_SYS_VS_Systick.Mode=SysTick
RCC.PLLCLKFreq_Value=64000000
NVIC.NonMaskableInt_IRQn=true\:0\:0\:false\:false\:true\:false\:false
NVIC.PendSV_IRQn=true\:0\:0\:false\:false\:true\:false\:false
ProjectManager.functionlistsort=1-MX_GPIO_Init-GPIO-false-HAL-true,2-SystemClock_Config-RCC-false-HAL-false
PC13-TAMPER-RTC.Signal=GPIO_Output
PA13.Mode=Trace_Asynchronous_SW
ProjectManager.FreePins=false
RCC.ADCFreqValue=10666666.666666666
RCC.IPParameters=ADCFreqValue,ADCPresc,AHBFreq_Value,APB1CLKDivider,APB1Freq_Value,APB1TimFreq_Value,APB2Freq_Value,APB2TimFreq_Value,FCLKCortexFreq_Value,FamilyName,HCLKFreq_Value,MCOFreq_Value,PLLCLKFreq_Value,PLLMCOFreq_Value,PLLMUL,SYSCLKFreq_VALUE,SYSCLKSource,TimSysFreq_Value,USBFreq_Value,VCOOutput2Freq_Value,VDD_VALUE
ProjectManager.DefaultFWLocation=true
ProjectManager.AskForMigrate=true
Mcu.Name=STM32F103C(8-B)Tx
ProjectManager.HalAssertFull=false
ProjectManager.DeletePrevious=true
ProjectManager.ProjectName=Boot_cube
ProjectManager.UnderRoot=false
RCC.APB1CLKDivider=RCC_HCLK_DIV2
RCC.PLLMCOFreq_Value=32000000
ProjectManager.CoupleFile=false
PB3.Signal=SYS_JTDO-TRACESWO
RCC.SYSCLKFreq_VALUE=64000000
PinOutPanel.RotationAngle=0
Mcu.Package=LQFP48
RCC.FamilyName=M
RCC.TimSysFreq_Value=64000000
RCC.SYSCLKSource=RCC_SYSCLKSOURCE_PLLCLK
ProjectManager.StackSize=0x400
NVIC.ForceEnableDMAVector=true
KeepUserPlacement=false
RCC.ADCPresc=RCC_ADCPCLK2_DIV6
PA13.Signal=SYS_JTMS-SWDIO
NVIC.MemoryManagement_IRQn=true\:0\:0\:false\:false\:true\:false\:false
RCC.FCLKCortexFreq_Value=64000000
ProjectManager.CompilerOptimize=6
NVIC.SVCall_IRQn=true\:0\:0\:false\:false\:true\:false\:false
Mcu.IP2=SYS
ProjectManager.ToolChainLocation=
VP_SYS_VS_Systick.Signal=SYS_VS_Systick
Mcu.IP0=NVIC
Mcu.IP1=RCC
PA14.Signal=SYS_JTCK-SWCLK
ProjectManager.HeapSize=0x200
NVIC.HardFault_IRQn=true\:0\:0\:false\:false\:true\:false\:false
Mcu.UserConstants=
ProjectManager.TargetToolchain=Makefile
ProjectManager.ComputerToolchain=false
Mcu.ThirdPartyNb=0
NVIC.PriorityGroup=NVIC_PRIORITYGROUP_4
RCC.HCLKFreq_Value=64000000
Mcu.IPNb=3
ProjectManager.PreviousToolchain=
RCC.APB2TimFreq_Value=64000000
RCC.APB1TimFreq_Value=64000000
NVIC.BusFault_IRQn=true\:0\:0\:false\:false\:true\:false\:false
ProjectManager.RegisterCallBack=
PC13-TAMPER-RTC.Locked=true
RCC.USBFreq_Value=64000000
RCC.APB1Freq_Value=32000000
RCC.AHBFreq_Value=64000000
Mcu.Pin0=PC13-TAMPER-RTC
Mcu.Pin1=PA13
GPIO.groupedBy=Group By Peripherals
Mcu.Pin2=PA14
ProjectManager.CustomerFirmwarePackage=
Mcu.Pin3=PB3
ProjectManager.DeviceId=STM32F103C8Tx
Mcu.Pin4=VP_SYS_VS_Systick
ProjectManager.LibraryCopy=1
ProjectManager.ProjectBuild=false
NVIC.UsageFault_IRQn=true\:0\:0\:false\:false\:true\:false\:false
NVIC.DebugMonitor_IRQn=true\:0\:0\:false\:false\:true\:false\:false
PB3.Mode=Trace_Asynchronous_SW
board=custom
